
Microsoft Visual Studio Solution File, Format Version 12.00
# Visual Studio 15
VisualStudioVersion = 15.0.28010.2046
MinimumVisualStudioVersion = 10.0.40219.1
Project("{8BC9CEB8-8B4A-11D0-8D11-00A0C91BC942}") = "Match to Pass", "Match to Pass\Match to Pass.vcxproj", "{A2080037-C6CC-4D2B-A6B9-0C9EBE41683A}"
EndProject
Global
	GlobalSection(SolutionConfigurationPlatforms) = preSolution
		Debug|x64 = Debug|x64
		Debug|x86 = Debug|x86
		Release|x64 = Release|x64
		Release|x86 = Release|x86
	EndGlobalSection
	GlobalSection(ProjectConfigurationPlatforms) = postSolution
		{A2080037-C6CC-4D2B-A6B9-0C9EBE41683A}.Debug|x64.ActiveCfg = Debug|x64
		{A2080037-C6CC-4D2B-A6B9-0C9EBE41683A}.Debug|x64.Build.0 = Debug|x64
		{A2080037-C6CC-4D2B-A6B9-0C9EBE41683A}.Debug|x86.ActiveCfg = Debug|Win32
		{A2080037-C6CC-4D2B-A6B9-0C9EBE41683A}.Debug|x86.Build.0 = Debug|Win32
		{A2080037-C6CC-4D2B-A6B9-0C9EBE41683A}.Release|x64.ActiveCfg = Release|x64
		{A2080037-C6CC-4D2B-A6B9-0C9EBE41683A}.Release|x64.Build.0 = Release|x64
		{A2080037-C6CC-4D2B-A6B9-0C9EBE41683A}.Release|x86.ActiveCfg = Release|Win32
		{A2080037-C6CC-4D2B-A6B9-0C9EBE41683A}.Release|x86.Build.0 = Release|Win32
	EndGlobalSection
	GlobalSection(SolutionProperties) = preSolution
		HideSolutionNode = FALSE
	EndGlobalSection
	GlobalSection(ExtensibilityGlobals) = postSolution
		SolutionGuid = {963906B1-3CB1-48C3-BB23-9C18EC0ABE69}
	EndGlobalSection
EndGlobal
